{
  "requires": true,
  "lockfileVersion": 1,
  "dependencies": {
    "cordova-android": {
      "version": "5.2.2",
      "resolved": "https://registry.npmjs.org/cordova-android/-/cordova-android-5.2.2.tgz",
      "integrity": "sha1-jOlFDMA4yOnJfZdskiq5SYXtZDs=",
      "requires": {
        "cordova-common": "1.4.1",
        "elementtree": "0.1.6",
        "nopt": "3.0.6",
        "properties-parser": "0.2.3",
        "q": "1.4.1",
        "shelljs": "0.5.3"
      },
      "dependencies": {
        "abbrev": {
          "version": "1.0.9",
          "bundled": true
        },
        "ansi": {
          "version": "0.3.1",
          "bundled": true
        },
        "balanced-match": {
          "version": "0.4.2",
          "bundled": true
        },
        "base64-js": {
          "version": "0.0.8",
          "bundled": true
        },
        "big-integer": {
          "version": "1.6.15",
          "bundled": true
        },
        "bplist-parser": {
          "version": "0.1.1",
          "bundled": true,
          "requires": {
            "big-integer": "1.6.15"
          }
        },
        "brace-expansion": {
          "version": "1.1.6",
          "bundled": true,
          "requires": {
            "balanced-match": "0.4.2",
            "concat-map": "0.0.1"
          }
        },
        "concat-map": {
          "version": "0.0.1",
          "bundled": true
        },
        "cordova-common": {
          "version": "1.4.1",
          "bundled": true,
          "requires": {
            "ansi": "0.3.1",
            "bplist-parser": "0.1.1",
            "cordova-registry-mapper": "1.1.15",
            "elementtree": "0.1.6",
            "glob": "5.0.15",
            "minimatch": "3.0.3",
            "osenv": "0.1.3",
            "plist": "1.2.0",
            "q": "1.4.1",
            "semver": "5.3.0",
            "shelljs": "0.5.3",
            "underscore": "1.8.3",
            "unorm": "1.4.1"
          }
        },
        "cordova-registry-mapper": {
          "version": "1.1.15",
          "bundled": true
        },
        "elementtree": {
          "version": "0.1.6",
          "bundled": true,
          "requires": {
            "sax": "0.3.5"
          }
        },
        "glob": {
          "version": "5.0.15",
          "bundled": true,
          "requires": {
            "inflight": "1.0.5",
            "inherits": "2.0.1",
            "minimatch": "3.0.3",
            "once": "1.3.3",
            "path-is-absolute": "1.0.0"
          }
        },
        "inflight": {
          "version": "1.0.5",
          "bundled": true,
          "requires": {
            "once": "1.3.3",
            "wrappy": "1.0.2"
          }
        },
        "inherits": {
          "version": "2.0.1",
          "bundled": true
        },
        "lodash": {
          "version": "3.10.1",
          "bundled": true
        },
        "minimatch": {
          "version": "3.0.3",
          "bundled": true,
          "requires": {
            "brace-expansion": "1.1.6"
          }
        },
        "nopt": {
          "version": "3.0.6",
          "bundled": true,
          "requires": {
            "abbrev": "1.0.9"
          }
        },
        "once": {
          "version": "1.3.3",
          "bundled": true,
          "requires": {
            "wrappy": "1.0.2"
          }
        },
        "os-homedir": {
          "version": "1.0.1",
          "bundled": true
        },
        "os-tmpdir": {
          "version": "1.0.1",
          "bundled": true
        },
        "osenv": {
          "version": "0.1.3",
          "bundled": true,
          "requires": {
            "os-homedir": "1.0.1",
            "os-tmpdir": "1.0.1"
          }
        },
        "path-is-absolute": {
          "version": "1.0.0",
          "bundled": true
        },
        "plist": {
          "version": "1.2.0",
          "bundled": true,
          "requires": {
            "base64-js": "0.0.8",
            "util-deprecate": "1.0.2",
            "xmlbuilder": "4.0.0",
            "xmldom": "0.1.22"
          }
        },
        "properties-parser": {
          "version": "0.2.3",
          "bundled": true
        },
        "q": {
          "version": "1.4.1",
          "bundled": true
        },
        "sax": {
          "version": "0.3.5",
          "bundled": true
        },
        "semver": {
          "version": "5.3.0",
          "bundled": true
        },
        "shelljs": {
          "version": "0.5.3",
          "bundled": true
        },
        "underscore": {
          "version": "1.8.3",
          "bundled": true
        },
        "unorm": {
          "version": "1.4.1",
          "bundled": true
        },
        "util-deprecate": {
          "version": "1.0.2",
          "bundled": true
        },
        "wrappy": {
          "version": "1.0.2",
          "bundled": true
        },
        "xmlbuilder": {
          "version": "4.0.0",
          "bundled": true,
          "requires": {
            "lodash": "3.10.1"
          }
        },
        "xmldom": {
          "version": "0.1.22",
          "bundled": true
        }
      }
    },
    "cordova-plugin-battery-status": {
      "version": "1.1.2",
      "resolved": "https://registry.npmjs.org/cordova-plugin-battery-status/-/cordova-plugin-battery-status-1.1.2.tgz",
      "integrity": "sha1-QZIcdKvA2z431i88XcT94MYQkOQ="
    },
    "cordova-plugin-camera": {
      "version": "2.1.1",
      "resolved": "https://registry.npmjs.org/cordova-plugin-camera/-/cordova-plugin-camera-2.1.1.tgz",
      "integrity": "sha1-lIi6NiBOMnFIDb6C2apwijUt9+s="
    },
    "cordova-plugin-compat": {
      "version": "1.2.0",
      "resolved": "https://registry.npmjs.org/cordova-plugin-compat/-/cordova-plugin-compat-1.2.0.tgz",
      "integrity": "sha1-C8ZXVyduvZIMASzpIOJ0F3V2Nz4="
    },
    "cordova-plugin-console": {
      "version": "1.0.7",
      "resolved": "https://registry.npmjs.org/cordova-plugin-console/-/cordova-plugin-console-1.0.7.tgz",
      "integrity": "sha1-ibepLtHDNYiN/ADZAtxBcgHPOws="
    },
    "cordova-plugin-contacts": {
      "version": "2.0.1",
      "resolved": "https://registry.npmjs.org/cordova-plugin-contacts/-/cordova-plugin-contacts-2.0.1.tgz",
      "integrity": "sha1-czw2mTj0deoFdmxhVVj3QSVphIk="
    },
    "cordova-plugin-device": {
      "version": "1.1.6",
      "resolved": "https://registry.npmjs.org/cordova-plugin-device/-/cordova-plugin-device-1.1.6.tgz",
      "integrity": "sha1-LSF2TK18m4AVI+TgmjDgJLJJM0s="
    },
    "cordova-plugin-device-motion": {
      "version": "1.2.5",
      "resolved": "https://registry.npmjs.org/cordova-plugin-device-motion/-/cordova-plugin-device-motion-1.2.5.tgz",
      "integrity": "sha1-e1jt2dVQ3wpvua76tVuW1UkLGlY="
    },
    "cordova-plugin-device-orientation": {
      "version": "1.0.7",
      "resolved": "https://registry.npmjs.org/cordova-plugin-device-orientation/-/cordova-plugin-device-orientation-1.0.7.tgz",
      "integrity": "sha1-rIx5i+jtsOVbYf7GjtqQk+SGvws="
    },
    "cordova-plugin-dialogs": {
      "version": "1.2.1",
      "resolved": "https://registry.npmjs.org/cordova-plugin-dialogs/-/cordova-plugin-dialogs-1.2.1.tgz",
      "integrity": "sha1-dDvIrwB2oQp29VbFE0ClMBY9MVM="
    },
    "cordova-plugin-file": {
      "version": "4.3.3",
      "resolved": "https://registry.npmjs.org/cordova-plugin-file/-/cordova-plugin-file-4.3.3.tgz",
      "integrity": "sha1-AS6Xqhr7kfhJFuY0G1SDZtI96bk="
    },
    "cordova-plugin-file-transfer": {
      "version": "1.5.1",
      "resolved": "https://registry.npmjs.org/cordova-plugin-file-transfer/-/cordova-plugin-file-transfer-1.5.1.tgz",
      "integrity": "sha1-z5tjTo8yg0goAstfCzgdQPVGU5g="
    },
    "cordova-plugin-geolocation": {
      "version": "2.1.0",
      "resolved": "https://registry.npmjs.org/cordova-plugin-geolocation/-/cordova-plugin-geolocation-2.1.0.tgz",
      "integrity": "sha1-7grBx3Fh6bC3O0fSFpYbvAV+5Es="
    },
    "cordova-plugin-globalization": {
      "version": "1.0.7",
      "resolved": "https://registry.npmjs.org/cordova-plugin-globalization/-/cordova-plugin-globalization-1.0.7.tgz",
      "integrity": "sha1-uZQYSPtetdzWM+aXERj61jj2SM8="
    },
    "cordova-plugin-inappbrowser": {
      "version": "1.3.0",
      "resolved": "https://registry.npmjs.org/cordova-plugin-inappbrowser/-/cordova-plugin-inappbrowser-1.3.0.tgz",
      "integrity": "sha1-FvAIUwC8mHFzPLH5qXeNLxT7YYc="
    },
    "cordova-plugin-media": {
      "version": "2.2.0",
      "resolved": "https://registry.npmjs.org/cordova-plugin-media/-/cordova-plugin-media-2.2.0.tgz",
      "integrity": "sha1-3ij7BbwVxpaisxCzbEcP3WFtbEI="
    },
    "cordova-plugin-media-capture": {
      "version": "1.2.0",
      "resolved": "https://registry.npmjs.org/cordova-plugin-media-capture/-/cordova-plugin-media-capture-1.2.0.tgz",
      "integrity": "sha1-tktdtWP6i6FwUrzkTExe7XcSGes="
    },
    "cordova-plugin-network-information": {
      "version": "1.2.1",
      "resolved": "https://registry.npmjs.org/cordova-plugin-network-information/-/cordova-plugin-network-information-1.2.1.tgz",
      "integrity": "sha1-H9e3KvBmJBW5VcV2OPe3dnyEPZg="
    },
    "cordova-plugin-splashscreen": {
      "version": "3.2.2",
      "resolved": "https://registry.npmjs.org/cordova-plugin-splashscreen/-/cordova-plugin-splashscreen-3.2.2.tgz",
      "integrity": "sha1-1WOL+wi9vJqz59owwhdL5kzwJ7A="
    },
    "cordova-plugin-statusbar": {
      "version": "2.1.3",
      "resolved": "https://registry.npmjs.org/cordova-plugin-statusbar/-/cordova-plugin-statusbar-2.1.3.tgz",
      "integrity": "sha1-lwRKjK8U1To0cpb2/LFe9c0+q4g="
    },
    "cordova-plugin-vibration": {
      "version": "2.1.5",
      "resolved": "https://registry.npmjs.org/cordova-plugin-vibration/-/cordova-plugin-vibration-2.1.5.tgz",
      "integrity": "sha1-SFNTov385xsOSAnD9Vdx+Po+BiM="
    },
    "cordova-plugin-whitelist": {
      "version": "1.2.2",
      "resolved": "https://registry.npmjs.org/cordova-plugin-whitelist/-/cordova-plugin-whitelist-1.2.2.tgz",
      "integrity": "sha1-CFk/yVeIViCdQ3t2yLBHUp8Z9iM="
    }
  }
}
